{
  "name": "saasharness",
  "version": "0.5.0",
  "lockfileVersion": 3,
  "requires": true,
  "packages": {
    "": {
      "name": "saasharness",
      "version": "0.5.0",
      "license": "MIT",
      "bin": {
        "saasharness": "bin/saasharness.js"
      },
      "engines": {
        "node": ">=22"
      }
    }
  }
}
